
Microsoft Visual Studio Solution File, Format Version 12.00
# Visual Studio Version 16
VisualStudioVersion = 16.0.29519.181
MinimumVisualStudioVersion = 10.0.40219.1
Project("{FAE04EC0-301F-11D3-BF4B-00C04F79EFBC}") = "VamAlgoritmasi", "VamAlgoritmasi\VamAlgoritmasi.csproj", "{D34669B6-7068-4AF0-B8CC-80523C923543}"
EndProject
Global
	GlobalSection(SolutionConfigurationPlatforms) = preSolution
		Debug|Any CPU = Debug|Any CPU
		Release|Any CPU = Release|Any CPU
	EndGlobalSection
	GlobalSection(ProjectConfigurationPlatforms) = postSolution
		{D34669B6-7068-4AF0-B8CC-80523C923543}.Debug|Any CPU.ActiveCfg = Debug|Any CPU
		{D34669B6-7068-4AF0-B8CC-80523C923543}.Debug|Any CPU.Build.0 = Debug|Any CPU
		{D34669B6-7068-4AF0-B8CC-80523C923543}.Release|Any CPU.ActiveCfg = Release|Any CPU
		{D34669B6-7068-4AF0-B8CC-80523C923543}.Release|Any CPU.Build.0 = Release|Any CPU
	EndGlobalSection
	GlobalSection(SolutionProperties) = preSolution
		HideSolutionNode = FALSE
	EndGlobalSection
	GlobalSection(ExtensibilityGlobals) = postSolution
		SolutionGuid = {AF1BC743-E387-41F0-81E9-20CAB1CAA976}
	EndGlobalSection
EndGlobal
